
Microsoft Visual Studio Solution File, Format Version 12.00
# Visual Studio Version 17
VisualStudioVersion = 17.4.33122.133
MinimumVisualStudioVersion = 10.0.40219.1
Project("{FAE04EC0-301F-11D3-BF4B-00C04F79EFBC}") = "PFSAPI", "PFSAPI.csproj", "{5A8D8663-2CBC-4C10-80B3-C161B9F9541C}"
EndProject
Global
	GlobalSection(SolutionConfigurationPlatforms) = preSolution
		Debug|Any CPU = Debug|Any CPU
		Release|Any CPU = Release|Any CPU
	EndGlobalSection
	GlobalSection(ProjectConfigurationPlatforms) = postSolution
		{5A8D8663-2CBC-4C10-80B3-C161B9F9541C}.Debug|Any CPU.ActiveCfg = Debug|Any CPU
		{5A8D8663-2CBC-4C10-80B3-C161B9F9541C}.Debug|Any CPU.Build.0 = Debug|Any CPU
		{5A8D8663-2CBC-4C10-80B3-C161B9F9541C}.Release|Any CPU.ActiveCfg = Release|Any CPU
		{5A8D8663-2CBC-4C10-80B3-C161B9F9541C}.Release|Any CPU.Build.0 = Release|Any CPU
	EndGlobalSection
	GlobalSection(SolutionProperties) = preSolution
		HideSolutionNode = FALSE
	EndGlobalSection
	GlobalSection(ExtensibilityGlobals) = postSolution
		SolutionGuid = {0C21FE49-662B-44CA-9B5A-F6D86124F23E}
	EndGlobalSection
EndGlobal
